
Microsoft Visual Studio Solution File, Format Version 12.00
# Visual Studio 2012
Project("{FAE04EC0-301F-11D3-BF4B-00C04F79EFBC}") = "poker_nash", "poker_nash\poker_nash.csproj", "{A2EC6FDA-F768-4AE1-AF19-3A922C710F29}"
EndProject
Global
	GlobalSection(SolutionConfigurationPlatforms) = preSolution
		Debug|Any CPU = Debug|Any CPU
		Release|Any CPU = Release|Any CPU
	EndGlobalSection
	GlobalSection(ProjectConfigurationPlatforms) = postSolution
		{A2EC6FDA-F768-4AE1-AF19-3A922C710F29}.Debug|Any CPU.ActiveCfg = Debug|Any CPU
		{A2EC6FDA-F768-4AE1-AF19-3A922C710F29}.Debug|Any CPU.Build.0 = Debug|Any CPU
		{A2EC6FDA-F768-4AE1-AF19-3A922C710F29}.Release|Any CPU.ActiveCfg = Release|Any CPU
		{A2EC6FDA-F768-4AE1-AF19-3A922C710F29}.Release|Any CPU.Build.0 = Release|Any CPU
	EndGlobalSection
	GlobalSection(SolutionProperties) = preSolution
		HideSolutionNode = FALSE
	EndGlobalSection
EndGlobal
