
Microsoft Visual Studio Solution File, Format Version 12.00
# Visual Studio 2012
Project("{FAE04EC0-301F-11D3-BF4B-00C04F79EFBC}") = "poker_nash", "poker_nash\poker_nash.csproj", "{A2EC6FDA-F768-4AE1-AF19-3A922C710F29}"
EndProject
Project("{FAE04EC0-301F-11D3-BF4B-00C04F79EFBC}") = "input", "input\input.csproj", "{7F595207-3C7D-4B18-8380-6C8A3ABAA25B}"
EndProject
Project("{FAE04EC0-301F-11D3-BF4B-00C04F79EFBC}") = "output", "output\output.csproj", "{400033EF-601A-4E41-B3AB-CADFAD1A7516}"
EndProject
Project("{FAE04EC0-301F-11D3-BF4B-00C04F79EFBC}") = "bot", "bot\bot.csproj", "{A5FE8DC6-E72A-4E69-9217-289E568BE34C}"
EndProject
Project("{FAE04EC0-301F-11D3-BF4B-00C04F79EFBC}") = "common", "Common\common.csproj", "{6407267C-4DF7-4679-90D7-0AC9C07012FA}"
EndProject
Global
	GlobalSection(SolutionConfigurationPlatforms) = preSolution
		Debug|Any CPU = Debug|Any CPU
		Release|Any CPU = Release|Any CPU
	EndGlobalSection
	GlobalSection(ProjectConfigurationPlatforms) = postSolution
		{A2EC6FDA-F768-4AE1-AF19-3A922C710F29}.Debug|Any CPU.ActiveCfg = Debug|Any CPU
		{A2EC6FDA-F768-4AE1-AF19-3A922C710F29}.Debug|Any CPU.Build.0 = Debug|Any CPU
		{A2EC6FDA-F768-4AE1-AF19-3A922C710F29}.Release|Any CPU.ActiveCfg = Release|Any CPU
		{A2EC6FDA-F768-4AE1-AF19-3A922C710F29}.Release|Any CPU.Build.0 = Release|Any CPU
		{7F595207-3C7D-4B18-8380-6C8A3ABAA25B}.Debug|Any CPU.ActiveCfg = Debug|Any CPU
		{7F595207-3C7D-4B18-8380-6C8A3ABAA25B}.Debug|Any CPU.Build.0 = Debug|Any CPU
		{7F595207-3C7D-4B18-8380-6C8A3ABAA25B}.Release|Any CPU.ActiveCfg = Release|Any CPU
		{7F595207-3C7D-4B18-8380-6C8A3ABAA25B}.Release|Any CPU.Build.0 = Release|Any CPU
		{400033EF-601A-4E41-B3AB-CADFAD1A7516}.Debug|Any CPU.ActiveCfg = Debug|Any CPU
		{400033EF-601A-4E41-B3AB-CADFAD1A7516}.Debug|Any CPU.Build.0 = Debug|Any CPU
		{400033EF-601A-4E41-B3AB-CADFAD1A7516}.Release|Any CPU.ActiveCfg = Release|Any CPU
		{400033EF-601A-4E41-B3AB-CADFAD1A7516}.Release|Any CPU.Build.0 = Release|Any CPU
		{A5FE8DC6-E72A-4E69-9217-289E568BE34C}.Debug|Any CPU.ActiveCfg = Debug|Any CPU
		{A5FE8DC6-E72A-4E69-9217-289E568BE34C}.Debug|Any CPU.Build.0 = Debug|Any CPU
		{A5FE8DC6-E72A-4E69-9217-289E568BE34C}.Release|Any CPU.ActiveCfg = Release|Any CPU
		{A5FE8DC6-E72A-4E69-9217-289E568BE34C}.Release|Any CPU.Build.0 = Release|Any CPU
		{6407267C-4DF7-4679-90D7-0AC9C07012FA}.Debug|Any CPU.ActiveCfg = Debug|Any CPU
		{6407267C-4DF7-4679-90D7-0AC9C07012FA}.Debug|Any CPU.Build.0 = Debug|Any CPU
		{6407267C-4DF7-4679-90D7-0AC9C07012FA}.Release|Any CPU.ActiveCfg = Release|Any CPU
		{6407267C-4DF7-4679-90D7-0AC9C07012FA}.Release|Any CPU.Build.0 = Release|Any CPU
	EndGlobalSection
	GlobalSection(SolutionProperties) = preSolution
		HideSolutionNode = FALSE
	EndGlobalSection
EndGlobal
